
Microsoft Visual Studio Solution File, Format Version 11.00
# Visual Studio 2010
Project("{FAE04EC0-301F-11D3-BF4B-00C04F79EFBC}") = "1002", "1002\1002.csproj", "{FB91A82F-2468-4D3D-99AF-AB882A3DF386}"
EndProject
Project("{FAE04EC0-301F-11D3-BF4B-00C04F79EFBC}") = "1068", "1068\1068.csproj", "{91BCA874-F9C2-4FC2-BC6B-591155376C72}"
EndProject
Project("{FAE04EC0-301F-11D3-BF4B-00C04F79EFBC}") = "1025", "1025\1025.csproj", "{6EAE5F76-0B45-444C-97EA-5626F62C1A9F}"
EndProject
Project("{FAE04EC0-301F-11D3-BF4B-00C04F79EFBC}") = "1083", "1083\1083.csproj", "{4FAFCDC4-4F10-465A-91F0-6F958A3B31FB}"
EndProject
Project("{FAE04EC0-301F-11D3-BF4B-00C04F79EFBC}") = "1009", "1009\1009.csproj", "{57D15897-CDBA-4FB1-A093-A6F84728A0A9}"
EndProject
Project("{FAE04EC0-301F-11D3-BF4B-00C04F79EFBC}") = "1014", "1014\1014.csproj", "{213F98D5-2932-4901-9289-A2348E44A1C7}"
EndProject
Project("{FAE04EC0-301F-11D3-BF4B-00C04F79EFBC}") = "1100", "1100\1100.csproj", "{3AB235AA-42E4-45AA-B022-69293EB72647}"
EndProject
Project("{FAE04EC0-301F-11D3-BF4B-00C04F79EFBC}") = "1110", "1110\1110.csproj", "{28F04629-BBBA-4755-BDD1-8A3C2BDE2098}"
EndProject
Global
	GlobalSection(SolutionConfigurationPlatforms) = preSolution
		Debug|x86 = Debug|x86
		Release|x86 = Release|x86
	EndGlobalSection
	GlobalSection(ProjectConfigurationPlatforms) = postSolution
		{FB91A82F-2468-4D3D-99AF-AB882A3DF386}.Debug|x86.ActiveCfg = Debug|x86
		{FB91A82F-2468-4D3D-99AF-AB882A3DF386}.Debug|x86.Build.0 = Debug|x86
		{FB91A82F-2468-4D3D-99AF-AB882A3DF386}.Release|x86.ActiveCfg = Release|x86
		{FB91A82F-2468-4D3D-99AF-AB882A3DF386}.Release|x86.Build.0 = Release|x86
		{91BCA874-F9C2-4FC2-BC6B-591155376C72}.Debug|x86.ActiveCfg = Debug|x86
		{91BCA874-F9C2-4FC2-BC6B-591155376C72}.Debug|x86.Build.0 = Debug|x86
		{91BCA874-F9C2-4FC2-BC6B-591155376C72}.Release|x86.ActiveCfg = Release|x86
		{91BCA874-F9C2-4FC2-BC6B-591155376C72}.Release|x86.Build.0 = Release|x86
		{6EAE5F76-0B45-444C-97EA-5626F62C1A9F}.Debug|x86.ActiveCfg = Debug|x86
		{6EAE5F76-0B45-444C-97EA-5626F62C1A9F}.Debug|x86.Build.0 = Debug|x86
		{6EAE5F76-0B45-444C-97EA-5626F62C1A9F}.Release|x86.ActiveCfg = Release|x86
		{6EAE5F76-0B45-444C-97EA-5626F62C1A9F}.Release|x86.Build.0 = Release|x86
		{4FAFCDC4-4F10-465A-91F0-6F958A3B31FB}.Debug|x86.ActiveCfg = Debug|x86
		{4FAFCDC4-4F10-465A-91F0-6F958A3B31FB}.Debug|x86.Build.0 = Debug|x86
		{4FAFCDC4-4F10-465A-91F0-6F958A3B31FB}.Release|x86.ActiveCfg = Release|x86
		{4FAFCDC4-4F10-465A-91F0-6F958A3B31FB}.Release|x86.Build.0 = Release|x86
		{57D15897-CDBA-4FB1-A093-A6F84728A0A9}.Debug|x86.ActiveCfg = Debug|x86
		{57D15897-CDBA-4FB1-A093-A6F84728A0A9}.Debug|x86.Build.0 = Debug|x86
		{57D15897-CDBA-4FB1-A093-A6F84728A0A9}.Release|x86.ActiveCfg = Release|x86
		{57D15897-CDBA-4FB1-A093-A6F84728A0A9}.Release|x86.Build.0 = Release|x86
		{213F98D5-2932-4901-9289-A2348E44A1C7}.Debug|x86.ActiveCfg = Debug|x86
		{213F98D5-2932-4901-9289-A2348E44A1C7}.Debug|x86.Build.0 = Debug|x86
		{213F98D5-2932-4901-9289-A2348E44A1C7}.Release|x86.ActiveCfg = Release|x86
		{213F98D5-2932-4901-9289-A2348E44A1C7}.Release|x86.Build.0 = Release|x86
		{3AB235AA-42E4-45AA-B022-69293EB72647}.Debug|x86.ActiveCfg = Debug|x86
		{3AB235AA-42E4-45AA-B022-69293EB72647}.Debug|x86.Build.0 = Debug|x86
		{3AB235AA-42E4-45AA-B022-69293EB72647}.Release|x86.ActiveCfg = Release|x86
		{3AB235AA-42E4-45AA-B022-69293EB72647}.Release|x86.Build.0 = Release|x86
		{28F04629-BBBA-4755-BDD1-8A3C2BDE2098}.Debug|x86.ActiveCfg = Debug|x86
		{28F04629-BBBA-4755-BDD1-8A3C2BDE2098}.Debug|x86.Build.0 = Debug|x86
		{28F04629-BBBA-4755-BDD1-8A3C2BDE2098}.Release|x86.ActiveCfg = Release|x86
		{28F04629-BBBA-4755-BDD1-8A3C2BDE2098}.Release|x86.Build.0 = Release|x86
	EndGlobalSection
	GlobalSection(SolutionProperties) = preSolution
		HideSolutionNode = FALSE
	EndGlobalSection
EndGlobal
