
Microsoft Visual Studio Solution File, Format Version 11.00
# Visual Studio 2010
Project("{FAE04EC0-301F-11D3-BF4B-00C04F79EFBC}") = "1002", "1002\1002.csproj", "{FB91A82F-2468-4D3D-99AF-AB882A3DF386}"
EndProject
Project("{FAE04EC0-301F-11D3-BF4B-00C04F79EFBC}") = "1068", "1068\1068.csproj", "{91BCA874-F9C2-4FC2-BC6B-591155376C72}"
EndProject
Project("{FAE04EC0-301F-11D3-BF4B-00C04F79EFBC}") = "1025", "1025\1025.csproj", "{6EAE5F76-0B45-444C-97EA-5626F62C1A9F}"
EndProject
Project("{FAE04EC0-301F-11D3-BF4B-00C04F79EFBC}") = "1083", "1083\1083.csproj", "{4FAFCDC4-4F10-465A-91F0-6F958A3B31FB}"
EndProject
Project("{FAE04EC0-301F-11D3-BF4B-00C04F79EFBC}") = "1009", "1009\1009.csproj", "{57D15897-CDBA-4FB1-A093-A6F84728A0A9}"
EndProject
Project("{FAE04EC0-301F-11D3-BF4B-00C04F79EFBC}") = "1014", "1014\1014.csproj", "{213F98D5-2932-4901-9289-A2348E44A1C7}"
EndProject
Project("{FAE04EC0-301F-11D3-BF4B-00C04F79EFBC}") = "1100", "1100\1100.csproj", "{3AB235AA-42E4-45AA-B022-69293EB72647}"
EndProject
Project("{FAE04EC0-301F-11D3-BF4B-00C04F79EFBC}") = "1110", "1110\1110.csproj", "{28F04629-BBBA-4755-BDD1-8A3C2BDE2098}"
EndProject
Project("{FAE04EC0-301F-11D3-BF4B-00C04F79EFBC}") = "1293", "1293\1293.csproj", "{1549690B-C4C6-4F1B-841D-EB4804DD2CE8}"
EndProject
Project("{FAE04EC0-301F-11D3-BF4B-00C04F79EFBC}") = "1263", "1263\1263.csproj", "{737C5BDA-F1F7-496E-B11C-92275CEAB180}"
EndProject
Project("{FAE04EC0-301F-11D3-BF4B-00C04F79EFBC}") = "1313", "1313\1313.csproj", "{6674DD65-4E85-4D9E-A67E-EA0CD18C4028}"
EndProject
Project("{FAE04EC0-301F-11D3-BF4B-00C04F79EFBC}") = "1196", "1196\1196.csproj", "{656F3B60-D81A-490C-BEFC-2729AAD58F1A}"
EndProject
Project("{FAE04EC0-301F-11D3-BF4B-00C04F79EFBC}") = "1264", "1264\1264.csproj", "{746CE3EA-9ECF-4347-A476-811655F1DF29}"
EndProject
Project("{FAE04EC0-301F-11D3-BF4B-00C04F79EFBC}") = "1209", "1209\1209.csproj", "{68B6BA77-8F25-46E3-B496-12A54667D664}"
EndProject
Project("{FAE04EC0-301F-11D3-BF4B-00C04F79EFBC}") = "1319", "1319\1319.csproj", "{36AEC5B2-861B-400C-8705-1AA4DFDA86BB}"
EndProject
Project("{FAE04EC0-301F-11D3-BF4B-00C04F79EFBC}") = "1327", "1327\1327.csproj", "{7A0650FB-C569-43CA-96A6-AE8FA77620C4}"
EndProject
Project("{FAE04EC0-301F-11D3-BF4B-00C04F79EFBC}") = "1349", "1349\1349.csproj", "{7DBE2594-6C0D-4BDA-AC64-31BE0DDAA975}"
EndProject
Project("{FAE04EC0-301F-11D3-BF4B-00C04F79EFBC}") = "1409", "1409\1409.csproj", "{B8143D37-30B8-4735-B031-BAABD00BE8F1}"
EndProject
Project("{FAE04EC0-301F-11D3-BF4B-00C04F79EFBC}") = "1493", "1493\1493.csproj", "{6786D43D-2DAF-4052-A47C-A7F648242AF1}"
EndProject
Project("{FAE04EC0-301F-11D3-BF4B-00C04F79EFBC}") = "1496", "1496\1496.csproj", "{453EF5F8-78E3-46EF-B51F-58DF5AAD0C84}"
EndProject
Project("{FAE04EC0-301F-11D3-BF4B-00C04F79EFBC}") = "1567", "1567\1567.csproj", "{96061205-9FB3-44AA-87C1-2F089B6FDF06}"
EndProject
Project("{FAE04EC0-301F-11D3-BF4B-00C04F79EFBC}") = "1581", "1581\1581.csproj", "{AAE74956-45D2-4BED-9FCF-054C22AC4B67}"
EndProject
Project("{FAE04EC0-301F-11D3-BF4B-00C04F79EFBC}") = "1585", "1585\1585.csproj", "{8F030AE7-598D-45B3-8D6A-03FE78D123BE}"
EndProject
Project("{FAE04EC0-301F-11D3-BF4B-00C04F79EFBC}") = "1545", "1545\1545.csproj", "{286997A5-434A-4C31-9E3C-83B499C4AD03}"
EndProject
Project("{FAE04EC0-301F-11D3-BF4B-00C04F79EFBC}") = "1563", "1563\1563.csproj", "{97F9D588-2508-4EF7-890D-6FA7C6774555}"
EndProject
Project("{FAE04EC0-301F-11D3-BF4B-00C04F79EFBC}") = "1785", "1785\1785.csproj", "{EBF46AEC-FE1F-4B91-A492-DC0D33332AE0}"
EndProject
Project("{FAE04EC0-301F-11D3-BF4B-00C04F79EFBC}") = "1877", "1877\1877.csproj", "{49492486-BF68-4819-95D2-AD5124F8A02E}"
EndProject
Project("{FAE04EC0-301F-11D3-BF4B-00C04F79EFBC}") = "1820", "1820\1820.csproj", "{11A7D93E-DEAC-4FD8-BE55-178D6C0671ED}"
EndProject
Project("{FAE04EC0-301F-11D3-BF4B-00C04F79EFBC}") = "1787", "1787\1787.csproj", "{1550DE84-9702-44BC-AA3B-E32F0C841A63}"
EndProject
Global
	GlobalSection(SolutionConfigurationPlatforms) = preSolution
		Debug|x86 = Debug|x86
		Release|x86 = Release|x86
	EndGlobalSection
	GlobalSection(ProjectConfigurationPlatforms) = postSolution
		{FB91A82F-2468-4D3D-99AF-AB882A3DF386}.Debug|x86.ActiveCfg = Debug|x86
		{FB91A82F-2468-4D3D-99AF-AB882A3DF386}.Debug|x86.Build.0 = Debug|x86
		{FB91A82F-2468-4D3D-99AF-AB882A3DF386}.Release|x86.ActiveCfg = Release|x86
		{FB91A82F-2468-4D3D-99AF-AB882A3DF386}.Release|x86.Build.0 = Release|x86
		{91BCA874-F9C2-4FC2-BC6B-591155376C72}.Debug|x86.ActiveCfg = Debug|x86
		{91BCA874-F9C2-4FC2-BC6B-591155376C72}.Debug|x86.Build.0 = Debug|x86
		{91BCA874-F9C2-4FC2-BC6B-591155376C72}.Release|x86.ActiveCfg = Release|x86
		{91BCA874-F9C2-4FC2-BC6B-591155376C72}.Release|x86.Build.0 = Release|x86
		{6EAE5F76-0B45-444C-97EA-5626F62C1A9F}.Debug|x86.ActiveCfg = Debug|x86
		{6EAE5F76-0B45-444C-97EA-5626F62C1A9F}.Debug|x86.Build.0 = Debug|x86
		{6EAE5F76-0B45-444C-97EA-5626F62C1A9F}.Release|x86.ActiveCfg = Release|x86
		{6EAE5F76-0B45-444C-97EA-5626F62C1A9F}.Release|x86.Build.0 = Release|x86
		{4FAFCDC4-4F10-465A-91F0-6F958A3B31FB}.Debug|x86.ActiveCfg = Debug|x86
		{4FAFCDC4-4F10-465A-91F0-6F958A3B31FB}.Debug|x86.Build.0 = Debug|x86
		{4FAFCDC4-4F10-465A-91F0-6F958A3B31FB}.Release|x86.ActiveCfg = Release|x86
		{4FAFCDC4-4F10-465A-91F0-6F958A3B31FB}.Release|x86.Build.0 = Release|x86
		{57D15897-CDBA-4FB1-A093-A6F84728A0A9}.Debug|x86.ActiveCfg = Debug|x86
		{57D15897-CDBA-4FB1-A093-A6F84728A0A9}.Debug|x86.Build.0 = Debug|x86
		{57D15897-CDBA-4FB1-A093-A6F84728A0A9}.Release|x86.ActiveCfg = Release|x86
		{57D15897-CDBA-4FB1-A093-A6F84728A0A9}.Release|x86.Build.0 = Release|x86
		{213F98D5-2932-4901-9289-A2348E44A1C7}.Debug|x86.ActiveCfg = Debug|x86
		{213F98D5-2932-4901-9289-A2348E44A1C7}.Debug|x86.Build.0 = Debug|x86
		{213F98D5-2932-4901-9289-A2348E44A1C7}.Release|x86.ActiveCfg = Release|x86
		{213F98D5-2932-4901-9289-A2348E44A1C7}.Release|x86.Build.0 = Release|x86
		{3AB235AA-42E4-45AA-B022-69293EB72647}.Debug|x86.ActiveCfg = Debug|x86
		{3AB235AA-42E4-45AA-B022-69293EB72647}.Debug|x86.Build.0 = Debug|x86
		{3AB235AA-42E4-45AA-B022-69293EB72647}.Release|x86.ActiveCfg = Release|x86
		{3AB235AA-42E4-45AA-B022-69293EB72647}.Release|x86.Build.0 = Release|x86
		{28F04629-BBBA-4755-BDD1-8A3C2BDE2098}.Debug|x86.ActiveCfg = Debug|x86
		{28F04629-BBBA-4755-BDD1-8A3C2BDE2098}.Debug|x86.Build.0 = Debug|x86
		{28F04629-BBBA-4755-BDD1-8A3C2BDE2098}.Release|x86.ActiveCfg = Release|x86
		{28F04629-BBBA-4755-BDD1-8A3C2BDE2098}.Release|x86.Build.0 = Release|x86
		{1549690B-C4C6-4F1B-841D-EB4804DD2CE8}.Debug|x86.ActiveCfg = Debug|x86
		{1549690B-C4C6-4F1B-841D-EB4804DD2CE8}.Debug|x86.Build.0 = Debug|x86
		{1549690B-C4C6-4F1B-841D-EB4804DD2CE8}.Release|x86.ActiveCfg = Release|x86
		{1549690B-C4C6-4F1B-841D-EB4804DD2CE8}.Release|x86.Build.0 = Release|x86
		{737C5BDA-F1F7-496E-B11C-92275CEAB180}.Debug|x86.ActiveCfg = Debug|x86
		{737C5BDA-F1F7-496E-B11C-92275CEAB180}.Debug|x86.Build.0 = Debug|x86
		{737C5BDA-F1F7-496E-B11C-92275CEAB180}.Release|x86.ActiveCfg = Release|x86
		{737C5BDA-F1F7-496E-B11C-92275CEAB180}.Release|x86.Build.0 = Release|x86
		{6674DD65-4E85-4D9E-A67E-EA0CD18C4028}.Debug|x86.ActiveCfg = Debug|x86
		{6674DD65-4E85-4D9E-A67E-EA0CD18C4028}.Debug|x86.Build.0 = Debug|x86
		{6674DD65-4E85-4D9E-A67E-EA0CD18C4028}.Release|x86.ActiveCfg = Release|x86
		{6674DD65-4E85-4D9E-A67E-EA0CD18C4028}.Release|x86.Build.0 = Release|x86
		{656F3B60-D81A-490C-BEFC-2729AAD58F1A}.Debug|x86.ActiveCfg = Debug|x86
		{656F3B60-D81A-490C-BEFC-2729AAD58F1A}.Debug|x86.Build.0 = Debug|x86
		{656F3B60-D81A-490C-BEFC-2729AAD58F1A}.Release|x86.ActiveCfg = Release|x86
		{656F3B60-D81A-490C-BEFC-2729AAD58F1A}.Release|x86.Build.0 = Release|x86
		{746CE3EA-9ECF-4347-A476-811655F1DF29}.Debug|x86.ActiveCfg = Debug|x86
		{746CE3EA-9ECF-4347-A476-811655F1DF29}.Debug|x86.Build.0 = Debug|x86
		{746CE3EA-9ECF-4347-A476-811655F1DF29}.Release|x86.ActiveCfg = Release|x86
		{746CE3EA-9ECF-4347-A476-811655F1DF29}.Release|x86.Build.0 = Release|x86
		{68B6BA77-8F25-46E3-B496-12A54667D664}.Debug|x86.ActiveCfg = Debug|x86
		{68B6BA77-8F25-46E3-B496-12A54667D664}.Debug|x86.Build.0 = Debug|x86
		{68B6BA77-8F25-46E3-B496-12A54667D664}.Release|x86.ActiveCfg = Release|x86
		{68B6BA77-8F25-46E3-B496-12A54667D664}.Release|x86.Build.0 = Release|x86
		{36AEC5B2-861B-400C-8705-1AA4DFDA86BB}.Debug|x86.ActiveCfg = Debug|x86
		{36AEC5B2-861B-400C-8705-1AA4DFDA86BB}.Debug|x86.Build.0 = Debug|x86
		{36AEC5B2-861B-400C-8705-1AA4DFDA86BB}.Release|x86.ActiveCfg = Release|x86
		{36AEC5B2-861B-400C-8705-1AA4DFDA86BB}.Release|x86.Build.0 = Release|x86
		{7A0650FB-C569-43CA-96A6-AE8FA77620C4}.Debug|x86.ActiveCfg = Debug|x86
		{7A0650FB-C569-43CA-96A6-AE8FA77620C4}.Debug|x86.Build.0 = Debug|x86
		{7A0650FB-C569-43CA-96A6-AE8FA77620C4}.Release|x86.ActiveCfg = Release|x86
		{7A0650FB-C569-43CA-96A6-AE8FA77620C4}.Release|x86.Build.0 = Release|x86
		{7DBE2594-6C0D-4BDA-AC64-31BE0DDAA975}.Debug|x86.ActiveCfg = Debug|x86
		{7DBE2594-6C0D-4BDA-AC64-31BE0DDAA975}.Debug|x86.Build.0 = Debug|x86
		{7DBE2594-6C0D-4BDA-AC64-31BE0DDAA975}.Release|x86.ActiveCfg = Release|x86
		{7DBE2594-6C0D-4BDA-AC64-31BE0DDAA975}.Release|x86.Build.0 = Release|x86
		{B8143D37-30B8-4735-B031-BAABD00BE8F1}.Debug|x86.ActiveCfg = Debug|x86
		{B8143D37-30B8-4735-B031-BAABD00BE8F1}.Debug|x86.Build.0 = Debug|x86
		{B8143D37-30B8-4735-B031-BAABD00BE8F1}.Release|x86.ActiveCfg = Release|x86
		{B8143D37-30B8-4735-B031-BAABD00BE8F1}.Release|x86.Build.0 = Release|x86
		{6786D43D-2DAF-4052-A47C-A7F648242AF1}.Debug|x86.ActiveCfg = Debug|x86
		{6786D43D-2DAF-4052-A47C-A7F648242AF1}.Debug|x86.Build.0 = Debug|x86
		{6786D43D-2DAF-4052-A47C-A7F648242AF1}.Release|x86.ActiveCfg = Release|x86
		{6786D43D-2DAF-4052-A47C-A7F648242AF1}.Release|x86.Build.0 = Release|x86
		{453EF5F8-78E3-46EF-B51F-58DF5AAD0C84}.Debug|x86.ActiveCfg = Debug|x86
		{453EF5F8-78E3-46EF-B51F-58DF5AAD0C84}.Debug|x86.Build.0 = Debug|x86
		{453EF5F8-78E3-46EF-B51F-58DF5AAD0C84}.Release|x86.ActiveCfg = Release|x86
		{453EF5F8-78E3-46EF-B51F-58DF5AAD0C84}.Release|x86.Build.0 = Release|x86
		{96061205-9FB3-44AA-87C1-2F089B6FDF06}.Debug|x86.ActiveCfg = Debug|x86
		{96061205-9FB3-44AA-87C1-2F089B6FDF06}.Debug|x86.Build.0 = Debug|x86
		{96061205-9FB3-44AA-87C1-2F089B6FDF06}.Release|x86.ActiveCfg = Release|x86
		{96061205-9FB3-44AA-87C1-2F089B6FDF06}.Release|x86.Build.0 = Release|x86
		{AAE74956-45D2-4BED-9FCF-054C22AC4B67}.Debug|x86.ActiveCfg = Debug|x86
		{AAE74956-45D2-4BED-9FCF-054C22AC4B67}.Debug|x86.Build.0 = Debug|x86
		{AAE74956-45D2-4BED-9FCF-054C22AC4B67}.Release|x86.ActiveCfg = Release|x86
		{AAE74956-45D2-4BED-9FCF-054C22AC4B67}.Release|x86.Build.0 = Release|x86
		{8F030AE7-598D-45B3-8D6A-03FE78D123BE}.Debug|x86.ActiveCfg = Debug|x86
		{8F030AE7-598D-45B3-8D6A-03FE78D123BE}.Debug|x86.Build.0 = Debug|x86
		{8F030AE7-598D-45B3-8D6A-03FE78D123BE}.Release|x86.ActiveCfg = Release|x86
		{8F030AE7-598D-45B3-8D6A-03FE78D123BE}.Release|x86.Build.0 = Release|x86
		{286997A5-434A-4C31-9E3C-83B499C4AD03}.Debug|x86.ActiveCfg = Debug|x86
		{286997A5-434A-4C31-9E3C-83B499C4AD03}.Debug|x86.Build.0 = Debug|x86
		{286997A5-434A-4C31-9E3C-83B499C4AD03}.Release|x86.ActiveCfg = Release|x86
		{286997A5-434A-4C31-9E3C-83B499C4AD03}.Release|x86.Build.0 = Release|x86
		{97F9D588-2508-4EF7-890D-6FA7C6774555}.Debug|x86.ActiveCfg = Debug|x86
		{97F9D588-2508-4EF7-890D-6FA7C6774555}.Debug|x86.Build.0 = Debug|x86
		{97F9D588-2508-4EF7-890D-6FA7C6774555}.Release|x86.ActiveCfg = Release|x86
		{97F9D588-2508-4EF7-890D-6FA7C6774555}.Release|x86.Build.0 = Release|x86
		{EBF46AEC-FE1F-4B91-A492-DC0D33332AE0}.Debug|x86.ActiveCfg = Debug|x86
		{EBF46AEC-FE1F-4B91-A492-DC0D33332AE0}.Debug|x86.Build.0 = Debug|x86
		{EBF46AEC-FE1F-4B91-A492-DC0D33332AE0}.Release|x86.ActiveCfg = Release|x86
		{EBF46AEC-FE1F-4B91-A492-DC0D33332AE0}.Release|x86.Build.0 = Release|x86
		{49492486-BF68-4819-95D2-AD5124F8A02E}.Debug|x86.ActiveCfg = Debug|x86
		{49492486-BF68-4819-95D2-AD5124F8A02E}.Debug|x86.Build.0 = Debug|x86
		{49492486-BF68-4819-95D2-AD5124F8A02E}.Release|x86.ActiveCfg = Release|x86
		{49492486-BF68-4819-95D2-AD5124F8A02E}.Release|x86.Build.0 = Release|x86
		{11A7D93E-DEAC-4FD8-BE55-178D6C0671ED}.Debug|x86.ActiveCfg = Debug|x86
		{11A7D93E-DEAC-4FD8-BE55-178D6C0671ED}.Debug|x86.Build.0 = Debug|x86
		{11A7D93E-DEAC-4FD8-BE55-178D6C0671ED}.Release|x86.ActiveCfg = Release|x86
		{11A7D93E-DEAC-4FD8-BE55-178D6C0671ED}.Release|x86.Build.0 = Release|x86
		{1550DE84-9702-44BC-AA3B-E32F0C841A63}.Debug|x86.ActiveCfg = Debug|x86
		{1550DE84-9702-44BC-AA3B-E32F0C841A63}.Debug|x86.Build.0 = Debug|x86
		{1550DE84-9702-44BC-AA3B-E32F0C841A63}.Release|x86.ActiveCfg = Release|x86
		{1550DE84-9702-44BC-AA3B-E32F0C841A63}.Release|x86.Build.0 = Release|x86
	EndGlobalSection
	GlobalSection(SolutionProperties) = preSolution
		HideSolutionNode = FALSE
	EndGlobalSection
EndGlobal
